// !$*UTF8*$!
{
	archiveVersion = 1;
	classes = {
	};
	objectVersion = 55;
	objects = {

/* Begin PBXBuildFile section */
		CA1BA13128168B15005804E6 /* AppDelegate.swift in Sources */ = {isa = PBXBuildFile; fileRef = CA1BA13028168B15005804E6 /* AppDelegate.swift */; };
		CA1BA13328168B15005804E6 /* SceneDelegate.swift in Sources */ = {isa = PBXBuildFile; fileRef = CA1BA13228168B15005804E6 /* SceneDelegate.swift */; };
		CA1BA13828168B15005804E6 /* Main.storyboard in Resources */ = {isa = PBXBuildFile; fileRef = CA1BA13628168B15005804E6 /* Main.storyboard */; };
		CA1BA13A28168B16005804E6 /* Assets.xcassets in Resources */ = {isa = PBXBuildFile; fileRef = CA1BA13928168B16005804E6 /* Assets.xcassets */; };
		CA1BA13D28168B16005804E6 /* LaunchScreen.storyboard in Resources */ = {isa = PBXBuildFile; fileRef = CA1BA13B28168B16005804E6 /* LaunchScreen.storyboard */; };
		CA98A984281A472D00FECCEE /* TodoListViewController.swift in Sources */ = {isa = PBXBuildFile; fileRef = CA98A983281A472D00FECCEE /* TodoListViewController.swift */; };
		CA98A986281A4E7000FECCEE /* TodoListTableViewCell.swift in Sources */ = {isa = PBXBuildFile; fileRef = CA98A985281A4E7000FECCEE /* TodoListTableViewCell.swift */; };
		CA98A988281A5A6700FECCEE /* TodoStore.swift in Sources */ = {isa = PBXBuildFile; fileRef = CA98A987281A5A6700FECCEE /* TodoStore.swift */; };
		CAD52E972816905E0008D486 /* Todo.swift in Sources */ = {isa = PBXBuildFile; fileRef = CAD52E962816905E0008D486 /* Todo.swift */; };
		CAD52E99281694830008D486 /* TodoItemViewController.swift in Sources */ = {isa = PBXBuildFile; fileRef = CAD52E98281694830008D486 /* TodoItemViewController.swift */; };
/* End PBXBuildFile section */

/* Begin PBXFileReference section */
		CA1BA12D28168B15005804E6 /* MolaTodo.app */ = {isa = PBXFileReference; explicitFileType = wrapper.application; includeInIndex = 0; path = MolaTodo.app; sourceTree = BUILT_PRODUCTS_DIR; };
		CA1BA13028168B15005804E6 /* AppDelegate.swift */ = {isa = PBXFileReference; lastKnownFileType = sourcecode.swift; path = AppDelegate.swift; sourceTree = "<group>"; };
		CA1BA13228168B15005804E6 /* SceneDelegate.swift */ = {isa = PBXFileReference; lastKnownFileType = sourcecode.swift; path = SceneDelegate.swift; sourceTree = "<group>"; };
		CA1BA13728168B15005804E6 /* Base */ = {isa = PBXFileReference; lastKnownFileType = file.storyboard; name = Base; path = Base.lproj/Main.storyboard; sourceTree = "<group>"; };
		CA1BA13928168B16005804E6 /* Assets.xcassets */ = {isa = PBXFileReference; lastKnownFileType = folder.assetcatalog; path = Assets.xcassets; sourceTree = "<group>"; };
		CA1BA13C28168B16005804E6 /* Base */ = {isa = PBXFileReference; lastKnownFileType = file.storyboard; name = Base; path = Base.lproj/LaunchScreen.storyboard; sourceTree = "<group>"; };
		CA1BA13E28168B16005804E6 /* Info.plist */ = {isa = PBXFileReference; lastKnownFileType = text.plist.xml; path = Info.plist; sourceTree = "<group>"; };
		CA98A983281A472D00FECCEE /* TodoListViewController.swift */ = {isa = PBXFileReference; lastKnownFileType = sourcecode.swift; path = TodoListViewController.swift; sourceTree = "<group>"; };
		CA98A985281A4E7000FECCEE /* TodoListTableViewCell.swift */ = {isa = PBXFileReference; lastKnownFileType = sourcecode.swift; path = TodoListTableViewCell.swift; sourceTree = "<group>"; };
		CA98A987281A5A6700FECCEE /* TodoStore.swift */ = {isa = PBXFileReference; lastKnownFileType = sourcecode.swift; path = TodoStore.swift; sourceTree = "<group>"; };
		CAD52E962816905E0008D486 /* Todo.swift */ = {isa = PBXFileReference; lastKnownFileType = sourcecode.swift; path = Todo.swift; sourceTree = "<group>"; };
		CAD52E98281694830008D486 /* TodoItemViewController.swift */ = {isa = PBXFileReference; lastKnownFileType = sourcecode.swift; path = TodoItemViewController.swift; sourceTree = "<group>"; };
/* End PBXFileReference section */

/* Begin PBXFrameworksBuildPhase section */
		CA1BA12A28168B15005804E6 /* Frameworks */ = {
			isa = PBXFrameworksBuildPhase;
			buildActionMask = 2147483647;
			files = (
			);
			runOnlyForDeploymentPostprocessing = 0;
		};
/* End PBXFrameworksBuildPhase section */

/* Begin PBXGroup section */
		CA1BA12428168B15005804E6 = {
			isa = PBXGroup;
			children = (
				CA1BA12F28168B15005804E6 /* MolaTodo */,
				CA1BA12E28168B15005804E6 /* Products */,
			);
			sourceTree = "<group>";
		};
		CA1BA12E28168B15005804E6 /* Products */ = {
			isa = PBXGroup;
			children = (
				CA1BA12D28168B15005804E6 /* MolaTodo.app */,
			);
			name = Products;
			sourceTree = "<group>";
		};
		CA1BA12F28168B15005804E6 /* MolaTodo */ = {
			isa = PBXGroup;
			children = (
				CA1BA13028168B15005804E6 /* AppDelegate.swift */,
				CA1BA13228168B15005804E6 /* SceneDelegate.swift */,
				CA1BA13628168B15005804E6 /* Main.storyboard */,
				CA1BA13928168B16005804E6 /* Assets.xcassets */,
				CA1BA13B28168B16005804E6 /* LaunchScreen.storyboard */,
				CA1BA13E28168B16005804E6 /* Info.plist */,
				CAD52E962816905E0008D486 /* Todo.swift */,
				CAD52E98281694830008D486 /* TodoItemViewController.swift */,
				CA98A983281A472D00FECCEE /* TodoListViewController.swift */,
				CA98A985281A4E7000FECCEE /* TodoListTableViewCell.swift */,
				CA98A987281A5A6700FECCEE /* TodoStore.swift */,
			);
			path = MolaTodo;
			sourceTree = "<group>";
		};
/* End PBXGroup section */

/* Begin PBXNativeTarget section */
		CA1BA12C28168B15005804E6 /* MolaTodo */ = {
			isa = PBXNativeTarget;
			buildConfigurationList = CA1BA14128168B16005804E6 /* Build configuration list for PBXNativeTarget "MolaTodo" */;
			buildPhases = (
				CA1BA12928168B15005804E6 /* Sources */,
				CA1BA12A28168B15005804E6 /* Frameworks */,
				CA1BA12B28168B15005804E6 /* Resources */,
			);
			buildRules = (
			);
			dependencies = (
			);
			name = MolaTodo;
			productName = MolaTodo;
			productReference = CA1BA12D28168B15005804E6 /* MolaTodo.app */;
			productType = "com.apple.product-type.application";
		};
/* End PBXNativeTarget section */

/* Begin PBXProject section */
		CA1BA12528168B15005804E6 /* Project object */ = {
			isa = PBXProject;
			attributes = {
				BuildIndependentTargetsInParallel = 1;
				LastSwiftUpdateCheck = 1330;
				LastUpgradeCheck = 1330;
				TargetAttributes = {
					CA1BA12C28168B15005804E6 = {
						CreatedOnToolsVersion = 13.3.1;
					};
				};
			};
			buildConfigurationList = CA1BA12828168B15005804E6 /* Build configuration list for PBXProject "MolaTodo" */;
			compatibilityVersion = "Xcode 13.0";
			developmentRegion = en;
			hasScannedForEncodings = 0;
			knownRegions = (
				en,
				Base,
			);
			mainGroup = CA1BA12428168B15005804E6;
			productRefGroup = CA1BA12E28168B15005804E6 /* Products */;
			projectDirPath = "";
			projectRoot = "";
			targets = (
				CA1BA12C28168B15005804E6 /* MolaTodo */,
			);
		};
/* End PBXProject section */

/* Begin PBXResourcesBuildPhase section */
		CA1BA12B28168B15005804E6 /* Resources */ = {
			isa = PBXResourcesBuildPhase;
			buildActionMask = 2147483647;
			files = (
				CA1BA13D28168B16005804E6 /* LaunchScreen.storyboard in Resources */,
				CA1BA13A28168B16005804E6 /* Assets.xcassets in Resources */,
				CA1BA13828168B15005804E6 /* Main.storyboard in Resources */,
			);
			runOnlyForDeploymentPostprocessing = 0;
		};
/* End PBXResourcesBuildPhase section */

/* Begin PBXSourcesBuildPhase section */
		CA1BA12928168B15005804E6 /* Sources */ = {
			isa = PBXSourcesBuildPhase;
			buildActionMask = 2147483647;
			files = (
				CA1BA13128168B15005804E6 /* AppDelegate.swift in Sources */,
				CAD52E972816905E0008D486 /* Todo.swift in Sources */,
				CA1BA13328168B15005804E6 /* SceneDelegate.swift in Sources */,
				CAD52E99281694830008D486 /* TodoItemViewController.swift in Sources */,
				CA98A984281A472D00FECCEE /* TodoListViewController.swift in Sources */,
				CA98A988281A5A6700FECCEE /* TodoStore.swift in Sources */,
				CA98A986281A4E7000FECCEE /* TodoListTableViewCell.swift in Sources */,
			);
			runOnlyForDeploymentPostprocessing = 0;
		};
/* End PBXSourcesBuildPhase section */

/* Begin PBXVariantGroup section */
		CA1BA13628168B15005804E6 /* Main.storyboard */ = {
			isa = PBXVariantGroup;
			children = (
				CA1BA13728168B15005804E6 /* Base */,
			);
			name = Main.storyboard;
			sourceTree = "<group>";
		};
		CA1BA13B28168B16005804E6 /* LaunchScreen.storyboard */ = {
			isa = PBXVariantGroup;
			children = (
				CA1BA13C28168B16005804E6 /* Base */,
			);
			name = LaunchScreen.storyboard;
			sourceTree = "<group>";
		};
/* End PBXVariantGroup section */

/* Begin XCBuildConfiguration section */
		CA1BA13F28168B16005804E6 /* Debug */ = {
			isa = XCBuildConfiguration;
			buildSettings = {
				ALWAYS_SEARCH_USER_PATHS = NO;
				CLANG_ANALYZER_NONNULL = YES;
				CLANG_ANALYZER_NUMBER_OBJECT_CONVERSION = YES_AGGRESSIVE;
				CLANG_CXX_LANGUAGE_STANDARD = "gnu++17";
				CLANG_ENABLE_MODULES = YES;
				CLANG_ENABLE_OBJC_ARC = YES;
				CLANG_ENABLE_OBJC_WEAK = YES;
				CLANG_WARN_BLOCK_CAPTURE_AUTORELEASING = YES;
				CLANG_WARN_BOOL_CONVERSION = YES;
				CLANG_WARN_COMMA = YES;
				CLANG_WARN_CONSTANT_CONVERSION = YES;
				CLANG_WARN_DEPRECATED_OBJC_IMPLEMENTATIONS = YES;
				CLANG_WARN_DIRECT_OBJC_ISA_USAGE = YES_ERROR;
				CLANG_WARN_DOCUMENTATION_COMMENTS = YES;
				CLANG_WARN_EMPTY_BODY = YES;
				CLANG_WARN_ENUM_CONVERSION = YES;
				CLANG_WARN_INFINITE_RECURSION = YES;
				CLANG_WARN_INT_CONVERSION = YES;
				CLANG_WARN_NON_LITERAL_NULL_CONVERSION = YES;
				CLANG_WARN_OBJC_IMPLICIT_RETAIN_SELF = YES;
				CLANG_WARN_OBJC_LITERAL_CONVERSION = YES;
				CLANG_WARN_OBJC_ROOT_CLASS = YES_ERROR;
				CLANG_WARN_QUOTED_INCLUDE_IN_FRAMEWORK_HEADER = YES;
				CLANG_WARN_RANGE_LOOP_ANALYSIS = YES;
				CLANG_WARN_STRICT_PROTOTYPES = YES;
				CLANG_WARN_SUSPICIOUS_MOVE = YES;
				CLANG_WARN_UNGUARDED_AVAILABILITY = YES_AGGRESSIVE;
				CLANG_WARN_UNREACHABLE_CODE = YES;
				CLANG_WARN__DUPLICATE_METHOD_MATCH = YES;
				COPY_PHASE_STRIP = NO;
				DEBUG_INFORMATION_FORMAT = dwarf;
				ENABLE_STRICT_OBJC_MSGSEND = YES;
				ENABLE_TESTABILITY = YES;
				GCC_C_LANGUAGE_STANDARD = gnu11;
				GCC_DYNAMIC_NO_PIC = NO;
				GCC_NO_COMMON_BLOCKS = YES;
				GCC_OPTIMIZATION_LEVEL = 0;
				GCC_PREPROCESSOR_DEFINITIONS = (
					"DEBUG=1",
					"$(inherited)",
				);
				GCC_WARN_64_TO_32_BIT_CONVERSION = YES;
				GCC_WARN_ABOUT_RETURN_TYPE = YES_ERROR;
				GCC_WARN_UNDECLARED_SELECTOR = YES;
				GCC_WARN_UNINITIALIZED_AUTOS = YES_AGGRESSIVE;
				GCC_WARN_UNUSED_FUNCTION = YES;
				GCC_WARN_UNUSED_VARIABLE = YES;
				IPHONEOS_DEPLOYMENT_TARGET = 15.4;
				MTL_ENABLE_DEBUG_INFO = INCLUDE_SOURCE;
				MTL_FAST_MATH = YES;
				ONLY_ACTIVE_ARCH = YES;
				SDKROOT = iphoneos;
				SWIFT_ACTIVE_COMPILATION_CONDITIONS = DEBUG;
				SWIFT_OPTIMIZATION_LEVEL = "-Onone";
			};
			name = Debug;
		};
		CA1BA14028168B16005804E6 /* Release */ = {
			isa = XCBuildConfiguration;
			buildSettings = {
				ALWAYS_SEARCH_USER_PATHS = NO;
				CLANG_ANALYZER_NONNULL = YES;
				CLANG_ANALYZER_NUMBER_OBJECT_CONVERSION = YES_AGGRESSIVE;
				CLANG_CXX_LANGUAGE_STANDARD = "gnu++17";
				CLANG_ENABLE_MODULES = YES;
				CLANG_ENABLE_OBJC_ARC = YES;
				CLANG_ENABLE_OBJC_WEAK = YES;
				CLANG_WARN_BLOCK_CAPTURE_AUTORELEASING = YES;
				CLANG_WARN_BOOL_CONVERSION = YES;
				CLANG_WARN_COMMA = YES;
				CLANG_WARN_CONSTANT_CONVERSION = YES;
				CLANG_WARN_DEPRECATED_OBJC_IMPLEMENTATIONS = YES;
				CLANG_WARN_DIRECT_OBJC_ISA_USAGE = YES_ERROR;
				CLANG_WARN_DOCUMENTATION_COMMENTS = YES;
				CLANG_WARN_EMPTY_BODY = YES;
				CLANG_WARN_ENUM_CONVERSION = YES;
				CLANG_WARN_INFINITE_RECURSION = YES;
				CLANG_WARN_INT_CONVERSION = YES;
				CLANG_WARN_NON_LITERAL_NULL_CONVERSION = YES;
				CLANG_WARN_OBJC_IMPLICIT_RETAIN_SELF = YES;
				CLANG_WARN_OBJC_LITERAL_CONVERSION = YES;
				CLANG_WARN_OBJC_ROOT_CLASS = YES_ERROR;
				CLANG_WARN_QUOTED_INCLUDE_IN_FRAMEWORK_HEADER = YES;
				CLANG_WARN_RANGE_LOOP_ANALYSIS = YES;
				CLANG_WARN_STRICT_PROTOTYPES = YES;
				CLANG_WARN_SUSPICIOUS_MOVE = YES;
				CLANG_WARN_UNGUARDED_AVAILABILITY = YES_AGGRESSIVE;
				CLANG_WARN_UNREACHABLE_CODE = YES;
				CLANG_WARN__DUPLICATE_METHOD_MATCH = YES;
				COPY_PHASE_STRIP = NO;
				DEBUG_INFORMATION_FORMAT = "dwarf-with-dsym";
				ENABLE_NS_ASSERTIONS = NO;
				ENABLE_STRICT_OBJC_MSGSEND = YES;
				GCC_C_LANGUAGE_STANDARD = gnu11;
				GCC_NO_COMMON_BLOCKS = YES;
				GCC_WARN_64_TO_32_BIT_CONVERSION = YES;
				GCC_WARN_ABOUT_RETURN_TYPE = YES_ERROR;
				GCC_WARN_UNDECLARED_SELECTOR = YES;
				GCC_WARN_UNINITIALIZED_AUTOS = YES_AGGRESSIVE;
				GCC_WARN_UNUSED_FUNCTION = YES;
				GCC_WARN_UNUSED_VARIABLE = YES;
				IPHONEOS_DEPLOYMENT_TARGET = 15.4;
				MTL_ENABLE_DEBUG_INFO = NO;
				MTL_FAST_MATH = YES;
				SDKROOT = iphoneos;
				SWIFT_COMPILATION_MODE = wholemodule;
				SWIFT_OPTIMIZATION_LEVEL = "-O";
				VALIDATE_PRODUCT = YES;
			};
			name = Release;
		};
		CA1BA14228168B16005804E6 /* Debug */ = {
			isa = XCBuildConfiguration;
			buildSettings = {
				ASSETCATALOG_COMPILER_APPICON_NAME = AppIcon;
				ASSETCATALOG_COMPILER_GLOBAL_ACCENT_COLOR_NAME = AccentColor;
				CODE_SIGN_STYLE = Automatic;
				CURRENT_PROJECT_VERSION = 1;
				DEVELOPMENT_TEAM = 936LLGV76N;
				GENERATE_INFOPLIST_FILE = YES;
				INFOPLIST_FILE = MolaTodo/Info.plist;
				INFOPLIST_KEY_UIApplicationSupportsIndirectInputEvents = YES;
				INFOPLIST_KEY_UILaunchStoryboardName = LaunchScreen;
				INFOPLIST_KEY_UIMainStoryboardFile = Main;
				INFOPLIST_KEY_UISupportedInterfaceOrientations_iPad = "UIInterfaceOrientationPortrait UIInterfaceOrientationPortraitUpsideDown UIInterfaceOrientationLandscapeLeft UIInterfaceOrientationLandscapeRight";
				INFOPLIST_KEY_UISupportedInterfaceOrientations_iPhone = "UIInterfaceOrientationPortrait UIInterfaceOrientationLandscapeLeft UIInterfaceOrientationLandscapeRight";
				LD_RUNPATH_SEARCH_PATHS = (
					"$(inherited)",
					"@executable_path/Frameworks",
				);
				MARKETING_VERSION = 1.0;
				PRODUCT_BUNDLE_IDENTIFIER = team.odds.MolaTodo;
				PRODUCT_NAME = "$(TARGET_NAME)";
				SWIFT_EMIT_LOC_STRINGS = YES;
				SWIFT_VERSION = 5.0;
				TARGETED_DEVICE_FAMILY = "1,2";
			};
			name = Debug;
		};
		CA1BA14328168B16005804E6 /* Release */ = {
			isa = XCBuildConfiguration;
			buildSettings = {
				ASSETCATALOG_COMPILER_APPICON_NAME = AppIcon;
				ASSETCATALOG_COMPILER_GLOBAL_ACCENT_COLOR_NAME = AccentColor;
				CODE_SIGN_STYLE = Automatic;
				CURRENT_PROJECT_VERSION = 1;
				DEVELOPMENT_TEAM = 936LLGV76N;
				GENERATE_INFOPLIST_FILE = YES;
				INFOPLIST_FILE = MolaTodo/Info.plist;
				INFOPLIST_KEY_UIApplicationSupportsIndirectInputEvents = YES;
				INFOPLIST_KEY_UILaunchStoryboardName = LaunchScreen;
				INFOPLIST_KEY_UIMainStoryboardFile = Main;
				INFOPLIST_KEY_UISupportedInterfaceOrientations_iPad = "UIInterfaceOrientationPortrait UIInterfaceOrientationPortraitUpsideDown UIInterfaceOrientationLandscapeLeft UIInterfaceOrientationLandscapeRight";
				INFOPLIST_KEY_UISupportedInterfaceOrientations_iPhone = "UIInterfaceOrientationPortrait UIInterfaceOrientationLandscapeLeft UIInterfaceOrientationLandscapeRight";
				LD_RUNPATH_SEARCH_PATHS = (
					"$(inherited)",
					"@executable_path/Frameworks",
				);
				MARKETING_VERSION = 1.0;
				PRODUCT_BUNDLE_IDENTIFIER = team.odds.MolaTodo;
				PRODUCT_NAME = "$(TARGET_NAME)";
				SWIFT_EMIT_LOC_STRINGS = YES;
				SWIFT_VERSION = 5.0;
				TARGETED_DEVICE_FAMILY = "1,2";
			};
			name = Release;
		};
/* End XCBuildConfiguration section */

/* Begin XCConfigurationList section */
		CA1BA12828168B15005804E6 /* Build configuration list for PBXProject "MolaTodo" */ = {
			isa = XCConfigurationList;
			buildConfigurations = (
				CA1BA13F28168B16005804E6 /* Debug */,
				CA1BA14028168B16005804E6 /* Release */,
			);
			defaultConfigurationIsVisible = 0;
			defaultConfigurationName = Release;
		};
		CA1BA14128168B16005804E6 /* Build configuration list for PBXNativeTarget "MolaTodo" */ = {
			isa = XCConfigurationList;
			buildConfigurations = (
				CA1BA14228168B16005804E6 /* Debug */,
				CA1BA14328168B16005804E6 /* Release */,
			);
			defaultConfigurationIsVisible = 0;
			defaultConfigurationName = Release;
		};
/* End XCConfigurationList section */
	};
	rootObject = CA1BA12528168B15005804E6 /* Project object */;
}
